
Microsoft Visual Studio Solution File, Format Version 12.00
# Visual Studio Version 17
VisualStudioVersion = 17.6.33829.357
MinimumVisualStudioVersion = 10.0.40219.1
Project("{FAE04EC0-301F-11D3-BF4B-00C04F79EFBC}") = "calculadora", "calculadora\calculadora.csproj", "{9949826B-CA19-4C32-813F-A606BAE948D3}"
EndProject
Global
	GlobalSection(SolutionConfigurationPlatforms) = preSolution
		Debug|Any CPU = Debug|Any CPU
		Release|Any CPU = Release|Any CPU
	EndGlobalSection
	GlobalSection(ProjectConfigurationPlatforms) = postSolution
		{9949826B-CA19-4C32-813F-A606BAE948D3}.Debug|Any CPU.ActiveCfg = Debug|Any CPU
		{9949826B-CA19-4C32-813F-A606BAE948D3}.Debug|Any CPU.Build.0 = Debug|Any CPU
		{9949826B-CA19-4C32-813F-A606BAE948D3}.Release|Any CPU.ActiveCfg = Release|Any CPU
		{9949826B-CA19-4C32-813F-A606BAE948D3}.Release|Any CPU.Build.0 = Release|Any CPU
	EndGlobalSection
	GlobalSection(SolutionProperties) = preSolution
		HideSolutionNode = FALSE
	EndGlobalSection
	GlobalSection(ExtensibilityGlobals) = postSolution
		SolutionGuid = {15F1B615-01F7-43BA-AAFF-BB0724A9AC5E}
	EndGlobalSection
EndGlobal
